schema: '2.0'
stages:
  prices:
    cmd: python scripts/make_prices.py
    deps:
    - path: data/aux/prices.xlsx
      hash: md5
      md5: ed72692acae68ab4a715d737b317df8f
      size: 34154
    - path: kingpol/dataset/aux.py
      hash: md5
      md5: 000bec243039c95655b719c260be1a20
      size: 6057
    - path: kingpol/dataset/fields/core.py
      hash: md5
      md5: c01739152b4fcbea9fc1181650206bcf
      size: 1032
    - path: kingpol/dataset/models/conversions.py
      hash: md5
      md5: 0e83aa2452917e8c77ad2433e908c54f
      size: 536
    - path: kingpol/dataset/models/currencies.py
      hash: md5
      md5: 84f457b90e57034276b5deca728198ce
      size: 549
    - path: kingpol/dataset/models/prices.py
      hash: md5
      md5: d5310629d0395ca589792ca66fc4a8e2
      size: 491
    - path: kingpol/dataset/proc.py
      hash: md5
      md5: 98feae6010b482b73476b08aca198ee1
      size: 2847
    - path: scripts/make_prices.py
      hash: md5
      md5: 8e6e34c69344171d255ac5300b233f9a
      size: 3909
    outs:
    - path: data/proc/conversions.parquet
      hash: md5
      md5: 16a267057fd2db72015771a9eed6a3a1
      size: 3900
    - path: data/proc/currencies.parquet
      hash: md5
      md5: f6f226c193de0eb3ff264946f1c8cc20
      size: 2849
    - path: data/proc/prices.parquet
      hash: md5
      md5: 9d8113f729cba79496b7ada54c02d947
      size: 5141
  properties:
    cmd: python scripts/make_properties.py
    deps:
    - path: data/aux/corrections.xlsx
      hash: md5
      md5: 5bdadd7e8b96447a5e83e2f4e6f97c4d
      size: 55782
    - path: data/aux/prices.xlsx
      hash: md5
      md5: ed72692acae68ab4a715d737b317df8f
      size: 34154
    - path: data/aux/properties.xlsx
      hash: md5
      md5: 99d75b68d61e71ee359450418018b894
      size: 51481
    - path: data/proc/currencies.parquet
      hash: md5
      md5: f6f226c193de0eb3ff264946f1c8cc20
      size: 2849
    - path: data/raw/companies.tsv.gz
      hash: md5
      md5: 16934d114f464e9df6fcac528c817425
      size: 2088560
    - path: data/raw/properties.tsv.gz
      hash: md5
      md5: 4030b19ac71dc5c2596210c4a42264be
      size: 4039469
    - path: kingpol/dataset/aux.py
      hash: md5
      md5: 000bec243039c95655b719c260be1a20
      size: 6057
    - path: kingpol/dataset/fields/companies.py
      hash: md5
      md5: 5b6d008664b73543f094d9278c96ab4b
      size: 2907
    - path: kingpol/dataset/fields/properties.py
      hash: md5
      md5: 37996072e0c410ff0e422855d26e4af5
      size: 1456
    - path: kingpol/dataset/models/properties.py
      hash: md5
      md5: 53202281d2a62be2b68c0682db33892e
      size: 6506
    - path: kingpol/dataset/proc.py
      hash: md5
      md5: 98feae6010b482b73476b08aca198ee1
      size: 2847
    - path: kingpol/dataset/raw.py
      hash: md5
      md5: 242047efc4b4e899971f98be30488904
      size: 1715
    - path: scripts/make_properties.py
      hash: md5
      md5: 9fcf50e4fcf1a1503120e4642eddf03e
      size: 4008
    outs:
    - path: data/proc/properties.parquet
      hash: md5
      md5: 4f0bcce1d573ad9a250708fe540f51ab
      size: 2450846
  records:
    cmd: python scripts/make_records.py
    deps:
    - path: data/aux/corrections.xlsx
      hash: md5
      md5: 5bdadd7e8b96447a5e83e2f4e6f97c4d
      size: 55782
    - path: data/aux/merging.xlsx
      hash: md5
      md5: 701bd227a57366efdd26c0f750700156
      size: 9088
    - path: data/aux/properties.xlsx
      hash: md5
      md5: 99d75b68d61e71ee359450418018b894
      size: 51481
    - path: data/proc/conversions.parquet
      hash: md5
      md5: 16a267057fd2db72015771a9eed6a3a1
      size: 3900
    - path: data/proc/prices.parquet
      hash: md5
      md5: 9d8113f729cba79496b7ada54c02d947
      size: 5141
    - path: data/proc/properties.parquet
      hash: md5
      md5: 4f0bcce1d573ad9a250708fe540f51ab
      size: 2450846
    - path: data/raw/companies.tsv.gz
      hash: md5
      md5: 16934d114f464e9df6fcac528c817425
      size: 2088560
    - path: kingpol/dataset/aux.py
      hash: md5
      md5: 000bec243039c95655b719c260be1a20
      size: 6057
    - path: kingpol/dataset/fields/companies.py
      hash: md5
      md5: 5b6d008664b73543f094d9278c96ab4b
      size: 2907
    - path: kingpol/dataset/models/records.py
      hash: md5
      md5: e34a9173384ff0878c8b70a3443b5582
      size: 9741
    - path: kingpol/dataset/proc.py
      hash: md5
      md5: 98feae6010b482b73476b08aca198ee1
      size: 2847
    - path: kingpol/dataset/raw.py
      hash: md5
      md5: 242047efc4b4e899971f98be30488904
      size: 1715
    - path: kingpol/outliers.py
      hash: md5
      md5: aeb14650dca2ddf95d0c3fe6e6fa1caa
      size: 1487
    - path: scripts/make_records.py
      hash: md5
      md5: dfb407a55c46b81a499433698ef444de
      size: 5364
    params:
      params.yaml:
        records:
          industries:
            min_complete: 0.1
          outliers:
            threshold: 0.5
          governorates:
          - warszawska
          - piotrkowska
          - radomska
          - kaliska
          - lubelska
          - kielecka
          - siedlecka
          - łomżyńska
          - płocka
          - suwalska
    outs:
    - path: data/proc/industries.parquet
      hash: md5
      md5: 3c1b4c6a74c490f7866f1fe2b6da1bcb
      size: 2562
    - path: data/proc/records.parquet
      hash: md5
      md5: bf663936c960738357113779458ba243
      size: 768489
  yearly:
    cmd: python scripts/make_yearly.py
    deps:
    - path: data/aux/merging.xlsx
      hash: md5
      md5: 701bd227a57366efdd26c0f750700156
      size: 9088
    - path: data/aux/properties.xlsx
      hash: md5
      md5: 99d75b68d61e71ee359450418018b894
      size: 51481
    - path: data/proc/records.parquet
      hash: md5
      md5: bf663936c960738357113779458ba243
      size: 768489
    - path: kingpol/dataset/aux.py
      hash: md5
      md5: 000bec243039c95655b719c260be1a20
      size: 6057
    - path: kingpol/dataset/fields/companies.py
      hash: md5
      md5: 5b6d008664b73543f094d9278c96ab4b
      size: 2907
    - path: kingpol/dataset/models/yearly.py
      hash: md5
      md5: 8c3519970286e1700de74501aa280ed4
      size: 3267
    - path: kingpol/dataset/proc.py
      hash: md5
      md5: 98feae6010b482b73476b08aca198ee1
      size: 2847
    - path: kingpol/outliers.py
      hash: md5
      md5: aeb14650dca2ddf95d0c3fe6e6fa1caa
      size: 1487
    - path: scripts/make_yearly.py
      hash: md5
      md5: 46a9dd1aa2c42cc2ff335db411ce60d5
      size: 4617
    params:
      params.yaml:
        yearly:
          outliers:
            threshold: 0.5
          sectors:
          - industry
    outs:
    - path: data/proc/yearly.parquet
      hash: md5
      md5: 8f9e1d1d56686aee81e7bc77f7c8e621
      size: 474357
  companies:
    cmd: python scripts/make_companies.py
    deps:
    - path: data/proc/yearly.parquet
      hash: md5
      md5: 8f9e1d1d56686aee81e7bc77f7c8e621
      size: 474357
    - path: kingpol/dataset/fields/companies.py
      hash: md5
      md5: 5b6d008664b73543f094d9278c96ab4b
      size: 2907
    - path: kingpol/dataset/models/companies.py
      hash: md5
      md5: 6212fa30c0cc789250b23c1a8389d61c
      size: 1592
    - path: kingpol/dataset/proc.py
      hash: md5
      md5: 98feae6010b482b73476b08aca198ee1
      size: 2847
    - path: kingpol/outliers.py
      hash: md5
      md5: aeb14650dca2ddf95d0c3fe6e6fa1caa
      size: 1487
    - path: kingpol/stats.py
      hash: md5
      md5: f5c4c2edf6d5387a43a0211148c2c400
      size: 748
    - path: scripts/make_companies.py
      hash: md5
      md5: cbdaa885866582fed36ed1329c0f8b7e
      size: 2458
    params:
      params.yaml:
        companies:
          outliers:
            threshold: 0.5
        elite:
          min_value: 1000000
          min_employment: 500
        years:
        - 1911
    outs:
    - path: data/proc/companies.parquet
      hash: md5
      md5: 232e2a2dfc48c7a9a866479feb823f7c
      size: 251406
  entities:
    cmd: python scripts/make_entities.py
    deps:
    - path: data/aux/corrections.xlsx
      hash: md5
      md5: 5bdadd7e8b96447a5e83e2f4e6f97c4d
      size: 55782
    - path: data/aux/merging.xlsx
      hash: md5
      md5: 701bd227a57366efdd26c0f750700156
      size: 9088
    - path: data/raw/entities.tsv.gz
      hash: md5
      md5: eb43bf3ffa1fb9c85c0db07dac977d12
      size: 78043
    - path: data/raw/relations.tsv.gz
      hash: md5
      md5: 73e24e405500713b86940047d58368c7
      size: 2245461
    - path: kingpol/dataset/aux.py
      hash: md5
      md5: 000bec243039c95655b719c260be1a20
      size: 6057
    - path: kingpol/dataset/fields/entities.py
      hash: md5
      md5: 0a549c53c8ed440b4b7bdbabfbcd6145
      size: 2532
    - path: kingpol/dataset/models/entities.py
      hash: md5
      md5: 0e3b17181357e814752fb71b094f5afb
      size: 6474
    - path: kingpol/dataset/proc.py
      hash: md5
      md5: 98feae6010b482b73476b08aca198ee1
      size: 2847
    - path: kingpol/dataset/raw.py
      hash: md5
      md5: 242047efc4b4e899971f98be30488904
      size: 1715
    - path: scripts/make_entities.py
      hash: md5
      md5: 405845c8922f2b41c50cafe686e24438
      size: 2251
    outs:
    - path: data/proc/entities.parquet
      hash: md5
      md5: 9862b4be9c4ad67923221bd532fe8a67
      size: 420197
  relations:
    cmd: python scripts/make_relations.py
    deps:
    - path: data/aux/corrections.xlsx
      hash: md5
      md5: 5bdadd7e8b96447a5e83e2f4e6f97c4d
      size: 55782
    - path: data/raw/relations.tsv.gz
      hash: md5
      md5: 73e24e405500713b86940047d58368c7
      size: 2245461
    - path: kingpol/dataset/aux.py
      hash: md5
      md5: 000bec243039c95655b719c260be1a20
      size: 6057
    - path: kingpol/dataset/fields/relations.py
      hash: md5
      md5: e1effc0276c40aa4be2d7b3323e996b6
      size: 212
    - path: kingpol/dataset/models/relations.py
      hash: md5
      md5: e15928cfe00f8a8f17dda7c1ec2e388e
      size: 1448
    - path: kingpol/dataset/proc.py
      hash: md5
      md5: 98feae6010b482b73476b08aca198ee1
      size: 2847
    - path: kingpol/dataset/raw.py
      hash: md5
      md5: 242047efc4b4e899971f98be30488904
      size: 1715
    - path: scripts/make_relations.py
      hash: md5
      md5: 242682b527ad487524ff1c5782db902c
      size: 1364
    outs:
    - path: data/proc/relations.parquet
      hash: md5
      md5: 4a46cef32782035a17ef5b75a95feb8c
      size: 568339
  shares:
    cmd: python scripts/make_shares.py
    deps:
    - path: data/proc/records.parquet
      hash: md5
      md5: bf663936c960738357113779458ba243
      size: 768489
    - path: data/proc/relations.parquet
      hash: md5
      md5: 4a46cef32782035a17ef5b75a95feb8c
      size: 568339
    - path: data/proc/yearly.parquet
      hash: md5
      md5: 8f9e1d1d56686aee81e7bc77f7c8e621
      size: 474357
    - path: kingpol/dataset/models/shares.py
      hash: md5
      md5: 55ae5c5802d5394b9aefd338763def6e
      size: 906
    - path: kingpol/dataset/proc.py
      hash: md5
      md5: 98feae6010b482b73476b08aca198ee1
      size: 2847
    - path: scripts/make_shares.py
      hash: md5
      md5: d9b4d4d390d8aad06e43930ec97dbba8
      size: 3781
    params:
      params.yaml:
        shares:
          relations:
          - owner
          - namesake
          - president
    outs:
    - path: data/proc/shares.parquet
      hash: md5
      md5: 5fc1ced2f935b3d63d8111e40b08cca2
      size: 157955
  ranking:
    cmd: python scripts/make_ranking.py
    deps:
    - path: data/proc/companies.parquet
      hash: md5
      md5: 232e2a2dfc48c7a9a866479feb823f7c
      size: 251406
    - path: data/proc/entities.parquet
      hash: md5
      md5: 9862b4be9c4ad67923221bd532fe8a67
      size: 420197
    - path: data/proc/shares.parquet
      hash: md5
      md5: 5fc1ced2f935b3d63d8111e40b08cca2
      size: 157955
    - path: kingpol/dataset/fields/ranking.py
      hash: md5
      md5: c4b93117282346655145104a422f4d74
      size: 2325
    - path: kingpol/dataset/models/ranking.py
      hash: md5
      md5: 95e5b16612f609fffe54f4a0dc056c8b
      size: 2469
    - path: kingpol/dataset/proc.py
      hash: md5
      md5: 98feae6010b482b73476b08aca198ee1
      size: 2847
    - path: kingpol/ranking.py
      hash: md5
      md5: 2d57cab0ff9b90fedea3b9ec1c096fec
      size: 2055
    - path: scripts/make_ranking.py
      hash: md5
      md5: 5db6e2747fb36bc7e35aed7f7c023590
      size: 3285
    params:
      params.yaml:
        elite:
          min_value: 1000000
          min_employment: 500
        ranking:
          use:
          - value_share
          - employment_share
          - value_total
          - employment_total
          sortby:
          - latent
          - employment_total
          latent:
            mask: 1000
            alpha: 0.001
    outs:
    - path: data/proc/ranking.parquet
      hash: md5
      md5: 2892998ffcf386b9c5972ff2afb0a185
      size: 184367
  groups:
    cmd: python scripts/make_groups.py
    deps:
    - path: data/proc/companies.parquet
      hash: md5
      md5: 232e2a2dfc48c7a9a866479feb823f7c
      size: 251406
    - path: data/proc/ranking.parquet
      hash: md5
      md5: 2892998ffcf386b9c5972ff2afb0a185
      size: 184367
    - path: data/proc/shares.parquet
      hash: md5
      md5: 5fc1ced2f935b3d63d8111e40b08cca2
      size: 157955
    - path: kingpol/dataset/models/groups.py
      hash: md5
      md5: b70065f4e9dcf32db9099c3250b92694
      size: 1895
    - path: kingpol/dataset/proc.py
      hash: md5
      md5: 98feae6010b482b73476b08aca198ee1
      size: 2847
    - path: scripts/make_groups.py
      hash: md5
      md5: ed3707a76dd09bcfafaa5f6b1053b364
      size: 1147
    outs:
    - path: data/proc/groups.parquet
      hash: md5
      md5: 125b2db32124489a303be759f23dc6ee
      size: 399319
  excel:
    cmd: python scripts/make_excel.py
    deps:
    - path: data/proc/companies.parquet
      hash: md5
      md5: ec3af6116bd169f43ee41807d4ed4807
      size: 251115
    - path: data/proc/conversions.parquet
      hash: md5
      md5: c45d8bc5a5f684b00f5c69286f30b39a
      size: 3803
    - path: data/proc/entities.parquet
      hash: md5
      md5: 8cde13809a05fd7771e10c47dde76dce
      size: 418517
    - path: data/proc/groups.parquet
      hash: md5
      md5: cfb3d0492afe519948bf3e1b5f19cfa3
      size: 203812
    - path: data/proc/industries.parquet
      hash: md5
      md5: c31b3628544fbb5a7f8c04bb5984800a
      size: 2495
    - path: data/proc/prices.parquet
      hash: md5
      md5: d8b25b6e4aa00d37e9dc76466ed75716
      size: 5047
    - path: data/proc/ranking.parquet
      hash: md5
      md5: 09983c9752d93899a1b041a225214c99
      size: 131295
    - path: data/proc/records.parquet
      hash: md5
      md5: 0cdb16e17bc5f09e22a24a65c4a4d8d6
      size: 768163
    - path: data/proc/relations.parquet
      hash: md5
      md5: b4bef355fe43994d7ce29edbae37f4b1
      size: 568469
    - path: data/proc/shares.parquet
      hash: md5
      md5: e7f57a3025a870f4f7120a48adffd3f7
      size: 102884
    - path: data/proc/yearly.parquet
      hash: md5
      md5: 443bc2feb227280772b699d1b0995057
      size: 474029
    - path: kingpol/dataset/proc.py
      hash: md5
      md5: 98feae6010b482b73476b08aca198ee1
      size: 2847
    - path: kingpol/excel.py
      hash: md5
      md5: 7fdcbc780559f1444d2d5e15e3e5f85f
      size: 795
    - path: scripts/make_excel.py
      hash: md5
      md5: f1c0694ae673159b2b1449a2a0258f2f
      size: 1171
    outs:
    - path: data/proc/kingpol.xlsx
      hash: md5
      md5: 61cbb6292af2d9dce22c25be1ca30cc7
      size: 9684207
  tables:
    cmd: python scripts/make_tables.py
    deps:
    - path: data/proc/entities.parquet
      hash: md5
      md5: 9862b4be9c4ad67923221bd532fe8a67
      size: 420197
    - path: data/proc/ranking.parquet
      hash: md5
      md5: 2892998ffcf386b9c5972ff2afb0a185
      size: 184367
    - path: data/proc/yearly.parquet
      hash: md5
      md5: 8f9e1d1d56686aee81e7bc77f7c8e621
      size: 474357
    - path: kingpol/dataset/proc.py
      hash: md5
      md5: 98feae6010b482b73476b08aca198ee1
      size: 2847
    - path: kingpol/excel.py
      hash: md5
      md5: 7fdcbc780559f1444d2d5e15e3e5f85f
      size: 795
    - path: kingpol/stats.py
      hash: md5
      md5: f5c4c2edf6d5387a43a0211148c2c400
      size: 748
    - path: scripts/make_tables.py
      hash: md5
      md5: 1ccbacfa05487b0d166a26d35cd0cee0
      size: 8526
    params:
      params.yaml:
        tables:
          employment_and_value:
            governorate: Governorates (1911)
            industry: Industries (1911)
            subsector: Sectors (1911)
    outs:
    - path: data/proc/tables.xlsx
      hash: md5
      md5: 2629604427eccacaff46135239280913
      size: 26818
  codebook:
    cmd: python scripts/make_codebook.py && make codebook
    deps:
    - path: data/proc/kingpol.xlsx
      hash: md5
      md5: 990007dd316bb4a056668b20bdaa6d71
      size: 13488992
    - path: kingpol/dataset/fields
      hash: md5
      md5: be61f26b95c2c15bdc1fae3edf2746fc.dir
      size: 23739
      nfiles: 14
    - path: kingpol/dataset/models
      hash: md5
      md5: 2f5c3ab6af4f9f6a6b2d45210de1363c.dir
      size: 94006
      nfiles: 26
    - path: kingpol/strings.py
      hash: md5
      md5: 587f073b4591af0c60c882c101b90f75
      size: 455
    - path: scripts/make_codebook.py
      hash: md5
      md5: b14edf444f956cea3c5e3bb6d7d8dc50
      size: 1786
    outs:
    - path: CODEBOOK.md
      hash: md5
      md5: c954b659ded682a3986ec663692e3de5
      size: 22586
    - path: CODEBOOK.pdf
      hash: md5
      md5: b9921c2252a08878768a3fe7ae2bf3c8
      size: 139199
  readme:
    cmd: python scripts/make_readme.py && make readme
    deps:
    - path: data/proc/kingpol.xlsx
      hash: md5
      md5: 990007dd316bb4a056668b20bdaa6d71
      size: 13488992
    - path: kingpol/dataset/models
      hash: md5
      md5: 2f5c3ab6af4f9f6a6b2d45210de1363c.dir
      size: 94006
      nfiles: 26
    - path: kingpol/strings.py
      hash: md5
      md5: 587f073b4591af0c60c882c101b90f75
      size: 455
    - path: scripts/make_readme.py
      hash: md5
      md5: 0ae40778024b528b931692337ffcb79f
      size: 3618
    - path: templates/README.md
      hash: md5
      md5: 9243975e76a668d200566f2243b82134
      size: 18030
    outs:
    - path: README.md
      hash: md5
      md5: cbb96e779a8ef25b967e61d614ebdc43
      size: 18009
    - path: README.pdf
      hash: md5
      md5: fa2129b836e29845071d3e70906ae7f9
      size: 264418
  kingpol:
    cmd: python scripts/make_kingpol.py
    deps:
    - path: data/proc/companies.parquet
      hash: md5
      md5: 232e2a2dfc48c7a9a866479feb823f7c
      size: 251406
    - path: data/proc/conversions.parquet
      hash: md5
      md5: 16a267057fd2db72015771a9eed6a3a1
      size: 3900
    - path: data/proc/entities.parquet
      hash: md5
      md5: 9862b4be9c4ad67923221bd532fe8a67
      size: 420197
    - path: data/proc/groups.parquet
      hash: md5
      md5: 125b2db32124489a303be759f23dc6ee
      size: 399319
    - path: data/proc/industries.parquet
      hash: md5
      md5: 3c1b4c6a74c490f7866f1fe2b6da1bcb
      size: 2562
    - path: data/proc/prices.parquet
      hash: md5
      md5: 9d8113f729cba79496b7ada54c02d947
      size: 5141
    - path: data/proc/ranking.parquet
      hash: md5
      md5: 2892998ffcf386b9c5972ff2afb0a185
      size: 184367
    - path: data/proc/records.parquet
      hash: md5
      md5: bf663936c960738357113779458ba243
      size: 768489
    - path: data/proc/relations.parquet
      hash: md5
      md5: 4a46cef32782035a17ef5b75a95feb8c
      size: 568339
    - path: data/proc/shares.parquet
      hash: md5
      md5: 5fc1ced2f935b3d63d8111e40b08cca2
      size: 157955
    - path: data/proc/yearly.parquet
      hash: md5
      md5: 8f9e1d1d56686aee81e7bc77f7c8e621
      size: 474357
    - path: kingpol/dataset/proc.py
      hash: md5
      md5: 98feae6010b482b73476b08aca198ee1
      size: 2847
    - path: kingpol/excel.py
      hash: md5
      md5: 7fdcbc780559f1444d2d5e15e3e5f85f
      size: 795
    - path: scripts/make_kingpol.py
      hash: md5
      md5: f1c0694ae673159b2b1449a2a0258f2f
      size: 1171
    outs:
    - path: data/proc/kingpol.xlsx
      hash: md5
      md5: 990007dd316bb4a056668b20bdaa6d71
      size: 13488992
